
Microsoft Visual Studio Solution File, Format Version 12.00
# Visual Studio Version 16
VisualStudioVersion = 16.0.32106.194
MinimumVisualStudioVersion = 10.0.40219.1
Project("{FAE04EC0-301F-11D3-BF4B-00C04F79EFBC}") = "InternetStore", "InternetStore\InternetStore.csproj", "{79B29EB9-C76E-47FA-8A4A-0EFDEB4881EC}"
EndProject
Global
	GlobalSection(SolutionConfigurationPlatforms) = preSolution
		Debug|Any CPU = Debug|Any CPU
		Release|Any CPU = Release|Any CPU
	EndGlobalSection
	GlobalSection(ProjectConfigurationPlatforms) = postSolution
		{79B29EB9-C76E-47FA-8A4A-0EFDEB4881EC}.Debug|Any CPU.ActiveCfg = Debug|Any CPU
		{79B29EB9-C76E-47FA-8A4A-0EFDEB4881EC}.Debug|Any CPU.Build.0 = Debug|Any CPU
		{79B29EB9-C76E-47FA-8A4A-0EFDEB4881EC}.Release|Any CPU.ActiveCfg = Release|Any CPU
		{79B29EB9-C76E-47FA-8A4A-0EFDEB4881EC}.Release|Any CPU.Build.0 = Release|Any CPU
	EndGlobalSection
	GlobalSection(SolutionProperties) = preSolution
		HideSolutionNode = FALSE
	EndGlobalSection
	GlobalSection(ExtensibilityGlobals) = postSolution
		SolutionGuid = {0C11BF2A-61C8-4482-9E9F-A885BD975F9D}
	EndGlobalSection
EndGlobal
